
Microsoft Visual Studio Solution File, Format Version 12.00
# Visual Studio Version 17
VisualStudioVersion = 17.7.34031.279
MinimumVisualStudioVersion = 10.0.40219.1
Project("{FAE04EC0-301F-11D3-BF4B-00C04F79EFBC}") = "8 2", "8 2\8 2.csproj", "{9E7D694E-9EEB-4CD4-81BB-E1DB37E5BFAC}"
EndProject
Global
	GlobalSection(SolutionConfigurationPlatforms) = preSolution
		Debug|Any CPU = Debug|Any CPU
		Release|Any CPU = Release|Any CPU
	EndGlobalSection
	GlobalSection(ProjectConfigurationPlatforms) = postSolution
		{9E7D694E-9EEB-4CD4-81BB-E1DB37E5BFAC}.Debug|Any CPU.ActiveCfg = Debug|Any CPU
		{9E7D694E-9EEB-4CD4-81BB-E1DB37E5BFAC}.Debug|Any CPU.Build.0 = Debug|Any CPU
		{9E7D694E-9EEB-4CD4-81BB-E1DB37E5BFAC}.Release|Any CPU.ActiveCfg = Release|Any CPU
		{9E7D694E-9EEB-4CD4-81BB-E1DB37E5BFAC}.Release|Any CPU.Build.0 = Release|Any CPU
	EndGlobalSection
	GlobalSection(SolutionProperties) = preSolution
		HideSolutionNode = FALSE
	EndGlobalSection
	GlobalSection(ExtensibilityGlobals) = postSolution
		SolutionGuid = {BEF93BBB-1CB8-45EA-BEA6-7E0208CDD629}
	EndGlobalSection
EndGlobal
